
Microsoft Visual Studio Solution File, Format Version 12.00
# Visual Studio 2013
VisualStudioVersion = 12.0.31101.0
MinimumVisualStudioVersion = 10.0.40219.1
Project("{8BC9CEB8-8B4A-11D0-8D11-00A0C91BC942}") = "Tp3_Epic_Platformer", "Tp3_Epic_Platformer\Tp3_Epic_Platformer.vcxproj", "{50CF0F12-52BD-4BCB-85F1-9634476A4D22}"
EndProject
Global
	GlobalSection(SolutionConfigurationPlatforms) = preSolution
		Debug|Win32 = Debug|Win32
		Release|Win32 = Release|Win32
	EndGlobalSection
	GlobalSection(ProjectConfigurationPlatforms) = postSolution
		{50CF0F12-52BD-4BCB-85F1-9634476A4D22}.Debug|Win32.ActiveCfg = Debug|Win32
		{50CF0F12-52BD-4BCB-85F1-9634476A4D22}.Debug|Win32.Build.0 = Debug|Win32
		{50CF0F12-52BD-4BCB-85F1-9634476A4D22}.Release|Win32.ActiveCfg = Release|Win32
		{50CF0F12-52BD-4BCB-85F1-9634476A4D22}.Release|Win32.Build.0 = Release|Win32
	EndGlobalSection
	GlobalSection(SolutionProperties) = preSolution
		HideSolutionNode = FALSE
	EndGlobalSection
EndGlobal
